
Microsoft Visual Studio Solution File, Format Version 12.00
# Visual Studio Version 17
VisualStudioVersion = 17.13.35828.75 d17.13
MinimumVisualStudioVersion = 10.0.40219.1
Project("{FAE04EC0-301F-11D3-BF4B-00C04F79EFBC}") = "Algoritmo1", "Algoritmo1\Algoritmo1.csproj", "{D882B50C-F158-451D-A3F4-931DF2043BF7}"
EndProject
Global
	GlobalSection(SolutionConfigurationPlatforms) = preSolution
		Debug|Any CPU = Debug|Any CPU
		Release|Any CPU = Release|Any CPU
	EndGlobalSection
	GlobalSection(ProjectConfigurationPlatforms) = postSolution
		{D882B50C-F158-451D-A3F4-931DF2043BF7}.Debug|Any CPU.ActiveCfg = Debug|Any CPU
		{D882B50C-F158-451D-A3F4-931DF2043BF7}.Debug|Any CPU.Build.0 = Debug|Any CPU
		{D882B50C-F158-451D-A3F4-931DF2043BF7}.Release|Any CPU.ActiveCfg = Release|Any CPU
		{D882B50C-F158-451D-A3F4-931DF2043BF7}.Release|Any CPU.Build.0 = Release|Any CPU
	EndGlobalSection
	GlobalSection(SolutionProperties) = preSolution
		HideSolutionNode = FALSE
	EndGlobalSection
	GlobalSection(ExtensibilityGlobals) = postSolution
		SolutionGuid = {9BF1CF85-6F74-49FA-B3BE-810DF86AB3BB}
	EndGlobalSection
EndGlobal
